
Microsoft Visual Studio Solution File, Format Version 12.00
# Visual Studio Version 17
VisualStudioVersion = 17.14.36401.2 d17.14
MinimumVisualStudioVersion = 10.0.40219.1
Project("{FAE04EC0-301F-11D3-BF4B-00C04F79EFBC}") = "04_Sub_interface", "04_Sub_interface.csproj", "{1137BCF4-16BE-4050-8CBE-B1EC4A7083D6}"
EndProject
Global
	GlobalSection(SolutionConfigurationPlatforms) = preSolution
		Debug|Any CPU = Debug|Any CPU
		Release|Any CPU = Release|Any CPU
	EndGlobalSection
	GlobalSection(ProjectConfigurationPlatforms) = postSolution
		{1137BCF4-16BE-4050-8CBE-B1EC4A7083D6}.Debug|Any CPU.ActiveCfg = Debug|Any CPU
		{1137BCF4-16BE-4050-8CBE-B1EC4A7083D6}.Debug|Any CPU.Build.0 = Debug|Any CPU
		{1137BCF4-16BE-4050-8CBE-B1EC4A7083D6}.Release|Any CPU.ActiveCfg = Release|Any CPU
		{1137BCF4-16BE-4050-8CBE-B1EC4A7083D6}.Release|Any CPU.Build.0 = Release|Any CPU
	EndGlobalSection
	GlobalSection(SolutionProperties) = preSolution
		HideSolutionNode = FALSE
	EndGlobalSection
	GlobalSection(ExtensibilityGlobals) = postSolution
		SolutionGuid = {01764238-6FF0-4013-8800-ACB5E091C75B}
	EndGlobalSection
EndGlobal
